// !$*UTF8*$!
{
	archiveVersion = 1;
	classes = {
	};
	objectVersion = 50;
	objects = {

/* Begin PBXBuildFile section */
		0380183A2117D9BB00FD0425 /* AppDelegate.m in Sources */ = {isa = PBXBuildFile; fileRef = 038018392117D9BB00FD0425 /* AppDelegate.m */; };
		0380183D2117D9BB00FD0425 /* ViewController.m in Sources */ = {isa = PBXBuildFile; fileRef = 0380183C2117D9BB00FD0425 /* ViewController.m */; };
		038018402117D9BB00FD0425 /* Main.storyboard in Resources */ = {isa = PBXBuildFile; fileRef = 0380183E2117D9BB00FD0425 /* Main.storyboard */; };
		038018422117D9BC00FD0425 /* Assets.xcassets in Resources */ = {isa = PBXBuildFile; fileRef = 038018412117D9BC00FD0425 /* Assets.xcassets */; };
		038018452117D9BC00FD0425 /* LaunchScreen.storyboard in Resources */ = {isa = PBXBuildFile; fileRef = 038018432117D9BC00FD0425 /* LaunchScreen.storyboard */; };
		038018482117D9BC00FD0425 /* main.m in Sources */ = {isa = PBXBuildFile; fileRef = 038018472117D9BC00FD0425 /* main.m */; };
		038018522117D9BC00FD0425 /* PushDemoTests.m in Sources */ = {isa = PBXBuildFile; fileRef = 038018512117D9BC00FD0425 /* PushDemoTests.m */; };
		0380185D2117D9BC00FD0425 /* PushDemoUITests.m in Sources */ = {isa = PBXBuildFile; fileRef = 0380185C2117D9BC00FD0425 /* PushDemoUITests.m */; };
		0380186C2117DA4600FD0425 /* B_ViewController.m in Sources */ = {isa = PBXBuildFile; fileRef = 0380186B2117DA4600FD0425 /* B_ViewController.m */; };
		0380186F2117DA4D00FD0425 /* C_ViewController.m in Sources */ = {isa = PBXBuildFile; fileRef = 0380186E2117DA4D00FD0425 /* C_ViewController.m */; };
		038018722117DE1900FD0425 /* UIViewController+BackToViewController.m in Sources */ = {isa = PBXBuildFile; fileRef = 038018712117DE1900FD0425 /* UIViewController+BackToViewController.m */; };
/* End PBXBuildFile section */

/* Begin PBXContainerItemProxy section */
		0380184E2117D9BC00FD0425 /* PBXContainerItemProxy */ = {
			isa = PBXContainerItemProxy;
			containerPortal = 0380182D2117D9BB00FD0425 /* Project object */;
			proxyType = 1;
			remoteGlobalIDString = 038018342117D9BB00FD0425;
			remoteInfo = PushDemo;
		};
		038018592117D9BC00FD0425 /* PBXContainerItemProxy */ = {
			isa = PBXContainerItemProxy;
			containerPortal = 0380182D2117D9BB00FD0425 /* Project object */;
			proxyType = 1;
			remoteGlobalIDString = 038018342117D9BB00FD0425;
			remoteInfo = PushDemo;
		};
/* End PBXContainerItemProxy section */

/* Begin PBXFileReference section */
		038018352117D9BB00FD0425 /* PushDemo.app */ = {isa = PBXFileReference; explicitFileType = wrapper.application; includeInIndex = 0; path = PushDemo.app; sourceTree = BUILT_PRODUCTS_DIR; };
		038018382117D9BB00FD0425 /* AppDelegate.h */ = {isa = PBXFileReference; lastKnownFileType = sourcecode.c.h; path = AppDelegate.h; sourceTree = "<group>"; };
		038018392117D9BB00FD0425 /* AppDelegate.m */ = {isa = PBXFileReference; lastKnownFileType = sourcecode.c.objc; path = AppDelegate.m; sourceTree = "<group>"; };
		0380183B2117D9BB00FD0425 /* ViewController.h */ = {isa = PBXFileReference; lastKnownFileType = sourcecode.c.h; path = ViewController.h; sourceTree = "<group>"; };
		0380183C2117D9BB00FD0425 /* ViewController.m */ = {isa = PBXFileReference; lastKnownFileType = sourcecode.c.objc; path = ViewController.m; sourceTree = "<group>"; };
		0380183F2117D9BB00FD0425 /* Base */ = {isa = PBXFileReference; lastKnownFileType = file.storyboard; name = Base; path = Base.lproj/Main.storyboard; sourceTree = "<group>"; };
		038018412117D9BC00FD0425 /* Assets.xcassets */ = {isa = PBXFileReference; lastKnownFileType = folder.assetcatalog; path = Assets.xcassets; sourceTree = "<group>"; };
		038018442117D9BC00FD0425 /* Base */ = {isa = PBXFileReference; lastKnownFileType = file.storyboard; name = Base; path = Base.lproj/LaunchScreen.storyboard; sourceTree = "<group>"; };
		038018462117D9BC00FD0425 /* Info.plist */ = {isa = PBXFileReference; lastKnownFileType = text.plist.xml; path = Info.plist; sourceTree = "<group>"; };
		038018472117D9BC00FD0425 /* main.m */ = {isa = PBXFileReference; lastKnownFileType = sourcecode.c.objc; path = main.m; sourceTree = "<group>"; };
		0380184D2117D9BC00FD0425 /* PushDemoTests.xctest */ = {isa = PBXFileReference; explicitFileType = wrapper.cfbundle; includeInIndex = 0; path = PushDemoTests.xctest; sourceTree = BUILT_PRODUCTS_DIR; };
		038018512117D9BC00FD0425 /* PushDemoTests.m */ = {isa = PBXFileReference; lastKnownFileType = sourcecode.c.objc; path = PushDemoTests.m; sourceTree = "<group>"; };
		038018532117D9BC00FD0425 /* Info.plist */ = {isa = PBXFileReference; lastKnownFileType = text.plist.xml; path = Info.plist; sourceTree = "<group>"; };
		038018582117D9BC00FD0425 /* PushDemoUITests.xctest */ = {isa = PBXFileReference; explicitFileType = wrapper.cfbundle; includeInIndex = 0; path = PushDemoUITests.xctest; sourceTree = BUILT_PRODUCTS_DIR; };
		0380185C2117D9BC00FD0425 /* PushDemoUITests.m */ = {isa = PBXFileReference; lastKnownFileType = sourcecode.c.objc; path = PushDemoUITests.m; sourceTree = "<group>"; };
		0380185E2117D9BC00FD0425 /* Info.plist */ = {isa = PBXFileReference; lastKnownFileType = text.plist.xml; path = Info.plist; sourceTree = "<group>"; };
		0380186A2117DA4600FD0425 /* B_ViewController.h */ = {isa = PBXFileReference; lastKnownFileType = sourcecode.c.h; path = B_ViewController.h; sourceTree = "<group>"; };
		0380186B2117DA4600FD0425 /* B_ViewController.m */ = {isa = PBXFileReference; lastKnownFileType = sourcecode.c.objc; path = B_ViewController.m; sourceTree = "<group>"; };
		0380186D2117DA4D00FD0425 /* C_ViewController.h */ = {isa = PBXFileReference; lastKnownFileType = sourcecode.c.h; path = C_ViewController.h; sourceTree = "<group>"; };
		0380186E2117DA4D00FD0425 /* C_ViewController.m */ = {isa = PBXFileReference; lastKnownFileType = sourcecode.c.objc; path = C_ViewController.m; sourceTree = "<group>"; };
		038018702117DE1900FD0425 /* UIViewController+BackToViewController.h */ = {isa = PBXFileReference; lastKnownFileType = sourcecode.c.h; path = "UIViewController+BackToViewController.h"; sourceTree = "<group>"; };
		038018712117DE1900FD0425 /* UIViewController+BackToViewController.m */ = {isa = PBXFileReference; lastKnownFileType = sourcecode.c.objc; path = "UIViewController+BackToViewController.m"; sourceTree = "<group>"; };
/* End PBXFileReference section */

/* Begin PBXFrameworksBuildPhase section */
		038018322117D9BB00FD0425 /* Frameworks */ = {
			isa = PBXFrameworksBuildPhase;
			buildActionMask = 2147483647;
			files = (
			);
			runOnlyForDeploymentPostprocessing = 0;
		};
		0380184A2117D9BC00FD0425 /* Frameworks */ = {
			isa = PBXFrameworksBuildPhase;
			buildActionMask = 2147483647;
			files = (
			);
			runOnlyForDeploymentPostprocessing = 0;
		};
		038018552117D9BC00FD0425 /* Frameworks */ = {
			isa = PBXFrameworksBuildPhase;
			buildActionMask = 2147483647;
			files = (
			);
			runOnlyForDeploymentPostprocessing = 0;
		};
/* End PBXFrameworksBuildPhase section */

/* Begin PBXGroup section */
		0380182C2117D9BB00FD0425 = {
			isa = PBXGroup;
			children = (
				038018372117D9BB00FD0425 /* PushDemo */,
				038018502117D9BC00FD0425 /* PushDemoTests */,
				0380185B2117D9BC00FD0425 /* PushDemoUITests */,
				038018362117D9BB00FD0425 /* Products */,
			);
			sourceTree = "<group>";
		};
		038018362117D9BB00FD0425 /* Products */ = {
			isa = PBXGroup;
			children = (
				038018352117D9BB00FD0425 /* PushDemo.app */,
				0380184D2117D9BC00FD0425 /* PushDemoTests.xctest */,
				038018582117D9BC00FD0425 /* PushDemoUITests.xctest */,
			);
			name = Products;
			sourceTree = "<group>";
		};
		038018372117D9BB00FD0425 /* PushDemo */ = {
			isa = PBXGroup;
			children = (
				038018382117D9BB00FD0425 /* AppDelegate.h */,
				038018392117D9BB00FD0425 /* AppDelegate.m */,
				0380183B2117D9BB00FD0425 /* ViewController.h */,
				0380183C2117D9BB00FD0425 /* ViewController.m */,
				0380183E2117D9BB00FD0425 /* Main.storyboard */,
				038018412117D9BC00FD0425 /* Assets.xcassets */,
				038018432117D9BC00FD0425 /* LaunchScreen.storyboard */,
				038018462117D9BC00FD0425 /* Info.plist */,
				038018472117D9BC00FD0425 /* main.m */,
				0380186A2117DA4600FD0425 /* B_ViewController.h */,
				0380186B2117DA4600FD0425 /* B_ViewController.m */,
				0380186D2117DA4D00FD0425 /* C_ViewController.h */,
				0380186E2117DA4D00FD0425 /* C_ViewController.m */,
				038018702117DE1900FD0425 /* UIViewController+BackToViewController.h */,
				038018712117DE1900FD0425 /* UIViewController+BackToViewController.m */,
			);
			path = PushDemo;
			sourceTree = "<group>";
		};
		038018502117D9BC00FD0425 /* PushDemoTests */ = {
			isa = PBXGroup;
			children = (
				038018512117D9BC00FD0425 /* PushDemoTests.m */,
				038018532117D9BC00FD0425 /* Info.plist */,
			);
			path = PushDemoTests;
			sourceTree = "<group>";
		};
		0380185B2117D9BC00FD0425 /* PushDemoUITests */ = {
			isa = PBXGroup;
			children = (
				0380185C2117D9BC00FD0425 /* PushDemoUITests.m */,
				0380185E2117D9BC00FD0425 /* Info.plist */,
			);
			path = PushDemoUITests;
			sourceTree = "<group>";
		};
/* End PBXGroup section */

/* Begin PBXNativeTarget section */
		038018342117D9BB00FD0425 /* PushDemo */ = {
			isa = PBXNativeTarget;
			buildConfigurationList = 038018612117D9BC00FD0425 /* Build configuration list for PBXNativeTarget "PushDemo" */;
			buildPhases = (
				038018312117D9BB00FD0425 /* Sources */,
				038018322117D9BB00FD0425 /* Frameworks */,
				038018332117D9BB00FD0425 /* Resources */,
			);
			buildRules = (
			);
			dependencies = (
			);
			name = PushDemo;
			productName = PushDemo;
			productReference = 038018352117D9BB00FD0425 /* PushDemo.app */;
			productType = "com.apple.product-type.application";
		};
		0380184C2117D9BC00FD0425 /* PushDemoTests */ = {
			isa = PBXNativeTarget;
			buildConfigurationList = 038018642117D9BC00FD0425 /* Build configuration list for PBXNativeTarget "PushDemoTests" */;
			buildPhases = (
				038018492117D9BC00FD0425 /* Sources */,
				0380184A2117D9BC00FD0425 /* Frameworks */,
				0380184B2117D9BC00FD0425 /* Resources */,
			);
			buildRules = (
			);
			dependencies = (
				0380184F2117D9BC00FD0425 /* PBXTargetDependency */,
			);
			name = PushDemoTests;
			productName = PushDemoTests;
			productReference = 0380184D2117D9BC00FD0425 /* PushDemoTests.xctest */;
			productType = "com.apple.product-type.bundle.unit-test";
		};
		038018572117D9BC00FD0425 /* PushDemoUITests */ = {
			isa = PBXNativeTarget;
			buildConfigurationList = 038018672117D9BC00FD0425 /* Build configuration list for PBXNativeTarget "PushDemoUITests" */;
			buildPhases = (
				038018542117D9BC00FD0425 /* Sources */,
				038018552117D9BC00FD0425 /* Frameworks */,
				038018562117D9BC00FD0425 /* Resources */,
			);
			buildRules = (
			);
			dependencies = (
				0380185A2117D9BC00FD0425 /* PBXTargetDependency */,
			);
			name = PushDemoUITests;
			productName = PushDemoUITests;
			productReference = 038018582117D9BC00FD0425 /* PushDemoUITests.xctest */;
			productType = "com.apple.product-type.bundle.ui-testing";
		};
/* End PBXNativeTarget section */

/* Begin PBXProject section */
		0380182D2117D9BB00FD0425 /* Project object */ = {
			isa = PBXProject;
			attributes = {
				LastUpgradeCheck = 0930;
				ORGANIZATIONNAME = JackerooChu;
				TargetAttributes = {
					038018342117D9BB00FD0425 = {
						CreatedOnToolsVersion = 9.3;
					};
					0380184C2117D9BC00FD0425 = {
						CreatedOnToolsVersion = 9.3;
						TestTargetID = 038018342117D9BB00FD0425;
					};
					038018572117D9BC00FD0425 = {
						CreatedOnToolsVersion = 9.3;
						TestTargetID = 038018342117D9BB00FD0425;
					};
				};
			};
			buildConfigurationList = 038018302117D9BB00FD0425 /* Build configuration list for PBXProject "PushDemo" */;
			compatibilityVersion = "Xcode 9.3";
			developmentRegion = en;
			hasScannedForEncodings = 0;
			knownRegions = (
				en,
				Base,
			);
			mainGroup = 0380182C2117D9BB00FD0425;
			productRefGroup = 038018362117D9BB00FD0425 /* Products */;
			projectDirPath = "";
			projectRoot = "";
			targets = (
				038018342117D9BB00FD0425 /* PushDemo */,
				0380184C2117D9BC00FD0425 /* PushDemoTests */,
				038018572117D9BC00FD0425 /* PushDemoUITests */,
			);
		};
/* End PBXProject section */

/* Begin PBXResourcesBuildPhase section */
		038018332117D9BB00FD0425 /* Resources */ = {
			isa = PBXResourcesBuildPhase;
			buildActionMask = 2147483647;
			files = (
				038018452117D9BC00FD0425 /* LaunchScreen.storyboard in Resources */,
				038018422117D9BC00FD0425 /* Assets.xcassets in Resources */,
				038018402117D9BB00FD0425 /* Main.storyboard in Resources */,
			);
			runOnlyForDeploymentPostprocessing = 0;
		};
		0380184B2117D9BC00FD0425 /* Resources */ = {
			isa = PBXResourcesBuildPhase;
			buildActionMask = 2147483647;
			files = (
			);
			runOnlyForDeploymentPostprocessing = 0;
		};
		038018562117D9BC00FD0425 /* Resources */ = {
			isa = PBXResourcesBuildPhase;
			buildActionMask = 2147483647;
			files = (
			);
			runOnlyForDeploymentPostprocessing = 0;
		};
/* End PBXResourcesBuildPhase section */

/* Begin PBXSourcesBuildPhase section */
		038018312117D9BB00FD0425 /* Sources */ = {
			isa = PBXSourcesBuildPhase;
			buildActionMask = 2147483647;
			files = (
				0380186F2117DA4D00FD0425 /* C_ViewController.m in Sources */,
				038018722117DE1900FD0425 /* UIViewController+BackToViewController.m in Sources */,
				0380183D2117D9BB00FD0425 /* ViewController.m in Sources */,
				0380186C2117DA4600FD0425 /* B_ViewController.m in Sources */,
				038018482117D9BC00FD0425 /* main.m in Sources */,
				0380183A2117D9BB00FD0425 /* AppDelegate.m in Sources */,
			);
			runOnlyForDeploymentPostprocessing = 0;
		};
		038018492117D9BC00FD0425 /* Sources */ = {
			isa = PBXSourcesBuildPhase;
			buildActionMask = 2147483647;
			files = (
				038018522117D9BC00FD0425 /* PushDemoTests.m in Sources */,
			);
			runOnlyForDeploymentPostprocessing = 0;
		};
		038018542117D9BC00FD0425 /* Sources */ = {
			isa = PBXSourcesBuildPhase;
			buildActionMask = 2147483647;
			files = (
				0380185D2117D9BC00FD0425 /* PushDemoUITests.m in Sources */,
			);
			runOnlyForDeploymentPostprocessing = 0;
		};
/* End PBXSourcesBuildPhase section */

/* Begin PBXTargetDependency section */
		0380184F2117D9BC00FD0425 /* PBXTargetDependency */ = {
			isa = PBXTargetDependency;
			target = 038018342117D9BB00FD0425 /* PushDemo */;
			targetProxy = 0380184E2117D9BC00FD0425 /* PBXContainerItemProxy */;
		};
		0380185A2117D9BC00FD0425 /* PBXTargetDependency */ = {
			isa = PBXTargetDependency;
			target = 038018342117D9BB00FD0425 /* PushDemo */;
			targetProxy = 038018592117D9BC00FD0425 /* PBXContainerItemProxy */;
		};
/* End PBXTargetDependency section */

/* Begin PBXVariantGroup section */
		0380183E2117D9BB00FD0425 /* Main.storyboard */ = {
			isa = PBXVariantGroup;
			children = (
				0380183F2117D9BB00FD0425 /* Base */,
			);
			name = Main.storyboard;
			sourceTree = "<group>";
		};
		038018432117D9BC00FD0425 /* LaunchScreen.storyboard */ = {
			isa = PBXVariantGroup;
			children = (
				038018442117D9BC00FD0425 /* Base */,
			);
			name = LaunchScreen.storyboard;
			sourceTree = "<group>";
		};
/* End PBXVariantGroup section */

/* Begin XCBuildConfiguration section */
		0380185F2117D9BC00FD0425 /* Debug */ = {
			isa = XCBuildConfiguration;
			buildSettings = {
				ALWAYS_SEARCH_USER_PATHS = NO;
				CLANG_ANALYZER_NONNULL = YES;
				CLANG_ANALYZER_NUMBER_OBJECT_CONVERSION = YES_AGGRESSIVE;
				CLANG_CXX_LANGUAGE_STANDARD = "gnu++14";
				CLANG_CXX_LIBRARY = "libc++";
				CLANG_ENABLE_MODULES = YES;
				CLANG_ENABLE_OBJC_ARC = YES;
				CLANG_ENABLE_OBJC_WEAK = YES;
				CLANG_WARN_BLOCK_CAPTURE_AUTORELEASING = YES;
				CLANG_WARN_BOOL_CONVERSION = YES;
				CLANG_WARN_COMMA = YES;
				CLANG_WARN_CONSTANT_CONVERSION = YES;
				CLANG_WARN_DEPRECATED_OBJC_IMPLEMENTATIONS = YES;
				CLANG_WARN_DIRECT_OBJC_ISA_USAGE = YES_ERROR;
				CLANG_WARN_DOCUMENTATION_COMMENTS = YES;
				CLANG_WARN_EMPTY_BODY = YES;
				CLANG_WARN_ENUM_CONVERSION = YES;
				CLANG_WARN_INFINITE_RECURSION = YES;
				CLANG_WARN_INT_CONVERSION = YES;
				CLANG_WARN_NON_LITERAL_NULL_CONVERSION = YES;
				CLANG_WARN_OBJC_IMPLICIT_RETAIN_SELF = YES;
				CLANG_WARN_OBJC_LITERAL_CONVERSION = YES;
				CLANG_WARN_OBJC_ROOT_CLASS = YES_ERROR;
				CLANG_WARN_RANGE_LOOP_ANALYSIS = YES;
				CLANG_WARN_STRICT_PROTOTYPES = YES;
				CLANG_WARN_SUSPICIOUS_MOVE = YES;
				CLANG_WARN_UNGUARDED_AVAILABILITY = YES_AGGRESSIVE;
				CLANG_WARN_UNREACHABLE_CODE = YES;
				CLANG_WARN__DUPLICATE_METHOD_MATCH = YES;
				CODE_SIGN_IDENTITY = "iPhone Developer";
				COPY_PHASE_STRIP = NO;
				DEBUG_INFORMATION_FORMAT = dwarf;
				ENABLE_STRICT_OBJC_MSGSEND = YES;
				ENABLE_TESTABILITY = YES;
				GCC_C_LANGUAGE_STANDARD = gnu11;
				GCC_DYNAMIC_NO_PIC = NO;
				GCC_NO_COMMON_BLOCKS = YES;
				GCC_OPTIMIZATION_LEVEL = 0;
				GCC_PREPROCESSOR_DEFINITIONS = (
					"DEBUG=1",
					"$(inherited)",
				);
				GCC_WARN_64_TO_32_BIT_CONVERSION = YES;
				GCC_WARN_ABOUT_RETURN_TYPE = YES_ERROR;
				GCC_WARN_UNDECLARED_SELECTOR = YES;
				GCC_WARN_UNINITIALIZED_AUTOS = YES_AGGRESSIVE;
				GCC_WARN_UNUSED_FUNCTION = YES;
				GCC_WARN_UNUSED_VARIABLE = YES;
				IPHONEOS_DEPLOYMENT_TARGET = 11.3;
				MTL_ENABLE_DEBUG_INFO = YES;
				ONLY_ACTIVE_ARCH = YES;
				SDKROOT = iphoneos;
			};
			name = Debug;
		};
		038018602117D9BC00FD0425 /* Release */ = {
			isa = XCBuildConfiguration;
			buildSettings = {
				ALWAYS_SEARCH_USER_PATHS = NO;
				CLANG_ANALYZER_NONNULL = YES;
				CLANG_ANALYZER_NUMBER_OBJECT_CONVERSION = YES_AGGRESSIVE;
				CLANG_CXX_LANGUAGE_STANDARD = "gnu++14";
				CLANG_CXX_LIBRARY = "libc++";
				CLANG_ENABLE_MODULES = YES;
				CLANG_ENABLE_OBJC_ARC = YES;
				CLANG_ENABLE_OBJC_WEAK = YES;
				CLANG_WARN_BLOCK_CAPTURE_AUTORELEASING = YES;
				CLANG_WARN_BOOL_CONVERSION = YES;
				CLANG_WARN_COMMA = YES;
				CLANG_WARN_CONSTANT_CONVERSION = YES;
				CLANG_WARN_DEPRECATED_OBJC_IMPLEMENTATIONS = YES;
				CLANG_WARN_DIRECT_OBJC_ISA_USAGE = YES_ERROR;
				CLANG_WARN_DOCUMENTATION_COMMENTS = YES;
				CLANG_WARN_EMPTY_BODY = YES;
				CLANG_WARN_ENUM_CONVERSION = YES;
				CLANG_WARN_INFINITE_RECURSION = YES;
				CLANG_WARN_INT_CONVERSION = YES;
				CLANG_WARN_NON_LITERAL_NULL_CONVERSION = YES;
				CLANG_WARN_OBJC_IMPLICIT_RETAIN_SELF = YES;
				CLANG_WARN_OBJC_LITERAL_CONVERSION = YES;
				CLANG_WARN_OBJC_ROOT_CLASS = YES_ERROR;
				CLANG_WARN_RANGE_LOOP_ANALYSIS = YES;
				CLANG_WARN_STRICT_PROTOTYPES = YES;
				CLANG_WARN_SUSPICIOUS_MOVE = YES;
				CLANG_WARN_UNGUARDED_AVAILABILITY = YES_AGGRESSIVE;
				CLANG_WARN_UNREACHABLE_CODE = YES;
				CLANG_WARN__DUPLICATE_METHOD_MATCH = YES;
				CODE_SIGN_IDENTITY = "iPhone Developer";
				COPY_PHASE_STRIP = NO;
				DEBUG_INFORMATION_FORMAT = "dwarf-with-dsym";
				ENABLE_NS_ASSERTIONS = NO;
				ENABLE_STRICT_OBJC_MSGSEND = YES;
				GCC_C_LANGUAGE_STANDARD = gnu11;
				GCC_NO_COMMON_BLOCKS = YES;
				GCC_WARN_64_TO_32_BIT_CONVERSION = YES;
				GCC_WARN_ABOUT_RETURN_TYPE = YES_ERROR;
				GCC_WARN_UNDECLARED_SELECTOR = YES;
				GCC_WARN_UNINITIALIZED_AUTOS = YES_AGGRESSIVE;
				GCC_WARN_UNUSED_FUNCTION = YES;
				GCC_WARN_UNUSED_VARIABLE = YES;
				IPHONEOS_DEPLOYMENT_TARGET = 11.3;
				MTL_ENABLE_DEBUG_INFO = NO;
				SDKROOT = iphoneos;
				VALIDATE_PRODUCT = YES;
			};
			name = Release;
		};
		038018622117D9BC00FD0425 /* Debug */ = {
			isa = XCBuildConfiguration;
			buildSettings = {
				ASSETCATALOG_COMPILER_APPICON_NAME = AppIcon;
				CODE_SIGN_STYLE = Automatic;
				INFOPLIST_FILE = PushDemo/Info.plist;
				LD_RUNPATH_SEARCH_PATHS = (
					"$(inherited)",
					"@executable_path/Frameworks",
				);
				PRODUCT_BUNDLE_IDENTIFIER = com.JackerooChu.www.PushDemo;
				PRODUCT_NAME = "$(TARGET_NAME)";
				TARGETED_DEVICE_FAMILY = "1,2";
			};
			name = Debug;
		};
		038018632117D9BC00FD0425 /* Release */ = {
			isa = XCBuildConfiguration;
			buildSettings = {
				ASSETCATALOG_COMPILER_APPICON_NAME = AppIcon;
				CODE_SIGN_STYLE = Automatic;
				INFOPLIST_FILE = PushDemo/Info.plist;
				LD_RUNPATH_SEARCH_PATHS = (
					"$(inherited)",
					"@executable_path/Frameworks",
				);
				PRODUCT_BUNDLE_IDENTIFIER = com.JackerooChu.www.PushDemo;
				PRODUCT_NAME = "$(TARGET_NAME)";
				TARGETED_DEVICE_FAMILY = "1,2";
			};
			name = Release;
		};
		038018652117D9BC00FD0425 /* Debug */ = {
			isa = XCBuildConfiguration;
			buildSettings = {
				BUNDLE_LOADER = "$(TEST_HOST)";
				CODE_SIGN_STYLE = Automatic;
				INFOPLIST_FILE = PushDemoTests/Info.plist;
				LD_RUNPATH_SEARCH_PATHS = (
					"$(inherited)",
					"@executable_path/Frameworks",
					"@loader_path/Frameworks",
				);
				PRODUCT_BUNDLE_IDENTIFIER = com.JackerooChu.www.PushDemoTests;
				PRODUCT_NAME = "$(TARGET_NAME)";
				TARGETED_DEVICE_FAMILY = "1,2";
				TEST_HOST = "$(BUILT_PRODUCTS_DIR)/PushDemo.app/PushDemo";
			};
			name = Debug;
		};
		038018662117D9BC00FD0425 /* Release */ = {
			isa = XCBuildConfiguration;
			buildSettings = {
				BUNDLE_LOADER = "$(TEST_HOST)";
				CODE_SIGN_STYLE = Automatic;
				INFOPLIST_FILE = PushDemoTests/Info.plist;
				LD_RUNPATH_SEARCH_PATHS = (
					"$(inherited)",
					"@executable_path/Frameworks",
					"@loader_path/Frameworks",
				);
				PRODUCT_BUNDLE_IDENTIFIER = com.JackerooChu.www.PushDemoTests;
				PRODUCT_NAME = "$(TARGET_NAME)";
				TARGETED_DEVICE_FAMILY = "1,2";
				TEST_HOST = "$(BUILT_PRODUCTS_DIR)/PushDemo.app/PushDemo";
			};
			name = Release;
		};
		038018682117D9BC00FD0425 /* Debug */ = {
			isa = XCBuildConfiguration;
			buildSettings = {
				CODE_SIGN_STYLE = Automatic;
				INFOPLIST_FILE = PushDemoUITests/Info.plist;
				LD_RUNPATH_SEARCH_PATHS = (
					"$(inherited)",
					"@executable_path/Frameworks",
					"@loader_path/Frameworks",
				);
				PRODUCT_BUNDLE_IDENTIFIER = com.JackerooChu.www.PushDemoUITests;
				PRODUCT_NAME = "$(TARGET_NAME)";
				TARGETED_DEVICE_FAMILY = "1,2";
				TEST_TARGET_NAME = PushDemo;
			};
			name = Debug;
		};
		038018692117D9BC00FD0425 /* Release */ = {
			isa = XCBuildConfiguration;
			buildSettings = {
				CODE_SIGN_STYLE = Automatic;
				INFOPLIST_FILE = PushDemoUITests/Info.plist;
				LD_RUNPATH_SEARCH_PATHS = (
					"$(inherited)",
					"@executable_path/Frameworks",
					"@loader_path/Frameworks",
				);
				PRODUCT_BUNDLE_IDENTIFIER = com.JackerooChu.www.PushDemoUITests;
				PRODUCT_NAME = "$(TARGET_NAME)";
				TARGETED_DEVICE_FAMILY = "1,2";
				TEST_TARGET_NAME = PushDemo;
			};
			name = Release;
		};
/* End XCBuildConfiguration section */

/* Begin XCConfigurationList section */
		038018302117D9BB00FD0425 /* Build configuration list for PBXProject "PushDemo" */ = {
			isa = XCConfigurationList;
			buildConfigurations = (
				0380185F2117D9BC00FD0425 /* Debug */,
				038018602117D9BC00FD0425 /* Release */,
			);
			defaultConfigurationIsVisible = 0;
			defaultConfigurationName = Release;
		};
		038018612117D9BC00FD0425 /* Build configuration list for PBXNativeTarget "PushDemo" */ = {
			isa = XCConfigurationList;
			buildConfigurations = (
				038018622117D9BC00FD0425 /* Debug */,
				038018632117D9BC00FD0425 /* Release */,
			);
			defaultConfigurationIsVisible = 0;
			defaultConfigurationName = Release;
		};
		038018642117D9BC00FD0425 /* Build configuration list for PBXNativeTarget "PushDemoTests" */ = {
			isa = XCConfigurationList;
			buildConfigurations = (
				038018652117D9BC00FD0425 /* Debug */,
				038018662117D9BC00FD0425 /* Release */,
			);
			defaultConfigurationIsVisible = 0;
			defaultConfigurationName = Release;
		};
		038018672117D9BC00FD0425 /* Build configuration list for PBXNativeTarget "PushDemoUITests" */ = {
			isa = XCConfigurationList;
			buildConfigurations = (
				038018682117D9BC00FD0425 /* Debug */,
				038018692117D9BC00FD0425 /* Release */,
			);
			defaultConfigurationIsVisible = 0;
			defaultConfigurationName = Release;
		};
/* End XCConfigurationList section */
	};
	rootObject = 0380182D2117D9BB00FD0425 /* Project object */;
}
